
Microsoft Visual Studio Solution File, Format Version 12.00
Project("{FAE04EC0-301F-11D3-BF4B-00C04F79EFBC}") = "Common", "Common\Common.csproj", "{FD3264D5-C92B-4419-AADA-1EE963BBD11C}"
EndProject
Project("{FAE04EC0-301F-11D3-BF4B-00C04F79EFBC}") = "HW1", "HW1\HW1.csproj", "{E1091BFD-E141-3BB6-7FC6-6B3ECECDACB6}"
EndProject
Project("{FAE04EC0-301F-11D3-BF4B-00C04F79EFBC}") = "HW2", "HW2\HW2.csproj", "{E582656B-25B6-4CEC-B2DE-6A4C1165F48D}"
EndProject
Project("{FAE04EC0-301F-11D3-BF4B-00C04F79EFBC}") = "HW3", "HW3\HW3.csproj", "{64D63CFD-0062-4CA1-8A5C-14EA0EB37D80}"
EndProject
Project("{FAE04EC0-301F-11D3-BF4B-00C04F79EFBC}") = "HW4", "HW4\HW4.csproj", "{0A1D61D9-4CC4-4D0F-A11B-357D53DA6F1D}"
EndProject
Project("{FAE04EC0-301F-11D3-BF4B-00C04F79EFBC}") = "HW5", "HW5\HW5.csproj", "{0251BF6C-8D51-4BDF-922B-981384BD83B3}"
EndProject
Project("{FAE04EC0-301F-11D3-BF4B-00C04F79EFBC}") = "DEMO", "DEMO\DEMO.csproj", "{5B96CA7F-9CE7-4E56-A9E7-D290FC47CE8E}"
EndProject
Global
	GlobalSection(SolutionConfigurationPlatforms) = preSolution
		Debug|Any CPU = Debug|Any CPU
		Release|Any CPU = Release|Any CPU
	EndGlobalSection
	GlobalSection(ProjectConfigurationPlatforms) = postSolution
		{E1091BFD-E141-3BB6-7FC6-6B3ECECDACB6}.Debug|Any CPU.ActiveCfg = Debug|Any CPU
		{E1091BFD-E141-3BB6-7FC6-6B3ECECDACB6}.Debug|Any CPU.Build.0 = Debug|Any CPU
		{E1091BFD-E141-3BB6-7FC6-6B3ECECDACB6}.Release|Any CPU.ActiveCfg = Release|Any CPU
		{E1091BFD-E141-3BB6-7FC6-6B3ECECDACB6}.Release|Any CPU.Build.0 = Release|Any CPU
		{E582656B-25B6-4CEC-B2DE-6A4C1165F48D}.Debug|Any CPU.ActiveCfg = Debug|Any CPU
		{E582656B-25B6-4CEC-B2DE-6A4C1165F48D}.Debug|Any CPU.Build.0 = Debug|Any CPU
		{E582656B-25B6-4CEC-B2DE-6A4C1165F48D}.Release|Any CPU.ActiveCfg = Release|Any CPU
		{E582656B-25B6-4CEC-B2DE-6A4C1165F48D}.Release|Any CPU.Build.0 = Release|Any CPU
		{64D63CFD-0062-4CA1-8A5C-14EA0EB37D80}.Debug|Any CPU.ActiveCfg = Debug|Any CPU
		{64D63CFD-0062-4CA1-8A5C-14EA0EB37D80}.Debug|Any CPU.Build.0 = Debug|Any CPU
		{64D63CFD-0062-4CA1-8A5C-14EA0EB37D80}.Release|Any CPU.ActiveCfg = Release|Any CPU
		{64D63CFD-0062-4CA1-8A5C-14EA0EB37D80}.Release|Any CPU.Build.0 = Release|Any CPU
		{FD3264D5-C92B-4419-AADA-1EE963BBD11C}.Debug|Any CPU.ActiveCfg = Debug|Any CPU
		{FD3264D5-C92B-4419-AADA-1EE963BBD11C}.Debug|Any CPU.Build.0 = Debug|Any CPU
		{FD3264D5-C92B-4419-AADA-1EE963BBD11C}.Release|Any CPU.ActiveCfg = Release|Any CPU
		{FD3264D5-C92B-4419-AADA-1EE963BBD11C}.Release|Any CPU.Build.0 = Release|Any CPU
		{0A1D61D9-4CC4-4D0F-A11B-357D53DA6F1D}.Debug|Any CPU.ActiveCfg = Debug|Any CPU
		{0A1D61D9-4CC4-4D0F-A11B-357D53DA6F1D}.Debug|Any CPU.Build.0 = Debug|Any CPU
		{0A1D61D9-4CC4-4D0F-A11B-357D53DA6F1D}.Release|Any CPU.ActiveCfg = Release|Any CPU
		{0A1D61D9-4CC4-4D0F-A11B-357D53DA6F1D}.Release|Any CPU.Build.0 = Release|Any CPU
		{0251BF6C-8D51-4BDF-922B-981384BD83B3}.Debug|Any CPU.ActiveCfg = Debug|Any CPU
		{0251BF6C-8D51-4BDF-922B-981384BD83B3}.Debug|Any CPU.Build.0 = Debug|Any CPU
		{0251BF6C-8D51-4BDF-922B-981384BD83B3}.Release|Any CPU.ActiveCfg = Release|Any CPU
		{0251BF6C-8D51-4BDF-922B-981384BD83B3}.Release|Any CPU.Build.0 = Release|Any CPU
		{5B96CA7F-9CE7-4E56-A9E7-D290FC47CE8E}.Debug|Any CPU.ActiveCfg = Debug|Any CPU
		{5B96CA7F-9CE7-4E56-A9E7-D290FC47CE8E}.Debug|Any CPU.Build.0 = Debug|Any CPU
		{5B96CA7F-9CE7-4E56-A9E7-D290FC47CE8E}.Release|Any CPU.ActiveCfg = Release|Any CPU
		{5B96CA7F-9CE7-4E56-A9E7-D290FC47CE8E}.Release|Any CPU.Build.0 = Release|Any CPU
	EndGlobalSection
EndGlobal
